// !$*UTF8*$!
{
	archiveVersion = 1;
	classes = {
	};
	objectVersion = 56;
	objects = {

/* Begin PBXBuildFile section */
		E56AA3A82963832F00EDD18B /* SmartKeyboardScrollViewSampleApp.swift in Sources */ = {isa = PBXBuildFile; fileRef = E56AA3A72963832F00EDD18B /* SmartKeyboardScrollViewSampleApp.swift */; };
		E56AA3AA2963832F00EDD18B /* ContentView.swift in Sources */ = {isa = PBXBuildFile; fileRef = E56AA3A92963832F00EDD18B /* ContentView.swift */; };
		E56AA3AC2963832F00EDD18B /* Assets.xcassets in Resources */ = {isa = PBXBuildFile; fileRef = E56AA3AB2963832F00EDD18B /* Assets.xcassets */; };
		E56AA3AF2963832F00EDD18B /* Preview Assets.xcassets in Resources */ = {isa = PBXBuildFile; fileRef = E56AA3AE2963832F00EDD18B /* Preview Assets.xcassets */; };
		E56AA3B72963836100EDD18B /* BasicContentView.swift in Sources */ = {isa = PBXBuildFile; fileRef = E56AA3B62963836100EDD18B /* BasicContentView.swift */; };
		E56AA3BC2963838B00EDD18B /* VariadicVStackContentView.swift in Sources */ = {isa = PBXBuildFile; fileRef = E56AA3BB2963838B00EDD18B /* VariadicVStackContentView.swift */; };
		E56AA3BE2963839E00EDD18B /* FocusStateContentView.swift in Sources */ = {isa = PBXBuildFile; fileRef = E56AA3BD2963839E00EDD18B /* FocusStateContentView.swift */; };
		E56AA3C0296383B100EDD18B /* FooterView.swift in Sources */ = {isa = PBXBuildFile; fileRef = E56AA3BF296383B100EDD18B /* FooterView.swift */; };
		E5B170B129662D3800D976C1 /* SmartKeyboardScrollView in Frameworks */ = {isa = PBXBuildFile; productRef = E5B170B029662D3800D976C1 /* SmartKeyboardScrollView */; };
/* End PBXBuildFile section */

/* Begin PBXFileReference section */
		E56AA3A42963832F00EDD18B /* SmartKeyboardScrollViewSample.app */ = {isa = PBXFileReference; explicitFileType = wrapper.application; includeInIndex = 0; path = SmartKeyboardScrollViewSample.app; sourceTree = BUILT_PRODUCTS_DIR; };
		E56AA3A72963832F00EDD18B /* SmartKeyboardScrollViewSampleApp.swift */ = {isa = PBXFileReference; lastKnownFileType = sourcecode.swift; path = SmartKeyboardScrollViewSampleApp.swift; sourceTree = "<group>"; };
		E56AA3A92963832F00EDD18B /* ContentView.swift */ = {isa = PBXFileReference; lastKnownFileType = sourcecode.swift; path = ContentView.swift; sourceTree = "<group>"; };
		E56AA3AB2963832F00EDD18B /* Assets.xcassets */ = {isa = PBXFileReference; lastKnownFileType = folder.assetcatalog; path = Assets.xcassets; sourceTree = "<group>"; };
		E56AA3AE2963832F00EDD18B /* Preview Assets.xcassets */ = {isa = PBXFileReference; lastKnownFileType = folder.assetcatalog; path = "Preview Assets.xcassets"; sourceTree = "<group>"; };
		E56AA3B62963836100EDD18B /* BasicContentView.swift */ = {isa = PBXFileReference; lastKnownFileType = sourcecode.swift; path = BasicContentView.swift; sourceTree = "<group>"; };
		E56AA3BB2963838B00EDD18B /* VariadicVStackContentView.swift */ = {isa = PBXFileReference; lastKnownFileType = sourcecode.swift; path = VariadicVStackContentView.swift; sourceTree = "<group>"; };
		E56AA3BD2963839E00EDD18B /* FocusStateContentView.swift */ = {isa = PBXFileReference; lastKnownFileType = sourcecode.swift; path = FocusStateContentView.swift; sourceTree = "<group>"; };
		E56AA3BF296383B100EDD18B /* FooterView.swift */ = {isa = PBXFileReference; lastKnownFileType = sourcecode.swift; path = FooterView.swift; sourceTree = "<group>"; };
/* End PBXFileReference section */

/* Begin PBXFrameworksBuildPhase section */
		E56AA3A12963832F00EDD18B /* Frameworks */ = {
			isa = PBXFrameworksBuildPhase;
			buildActionMask = 2147483647;
			files = (
				E5B170B129662D3800D976C1 /* SmartKeyboardScrollView in Frameworks */,
			);
			runOnlyForDeploymentPostprocessing = 0;
		};
/* End PBXFrameworksBuildPhase section */

/* Begin PBXGroup section */
		E56AA39B2963832E00EDD18B = {
			isa = PBXGroup;
			children = (
				E56AA3A62963832F00EDD18B /* SmartKeyboardScrollViewSample */,
				E56AA3A52963832F00EDD18B /* Products */,
				E5B170AC2966288000D976C1 /* Frameworks */,
			);
			sourceTree = "<group>";
		};
		E56AA3A52963832F00EDD18B /* Products */ = {
			isa = PBXGroup;
			children = (
				E56AA3A42963832F00EDD18B /* SmartKeyboardScrollViewSample.app */,
			);
			name = Products;
			sourceTree = "<group>";
		};
		E56AA3A62963832F00EDD18B /* SmartKeyboardScrollViewSample */ = {
			isa = PBXGroup;
			children = (
				E56AA3A72963832F00EDD18B /* SmartKeyboardScrollViewSampleApp.swift */,
				E56AA3A92963832F00EDD18B /* ContentView.swift */,
				E56AA3B52963835600EDD18B /* Views */,
				E56AA3AB2963832F00EDD18B /* Assets.xcassets */,
				E56AA3AD2963832F00EDD18B /* Preview Content */,
			);
			path = SmartKeyboardScrollViewSample;
			sourceTree = "<group>";
		};
		E56AA3AD2963832F00EDD18B /* Preview Content */ = {
			isa = PBXGroup;
			children = (
				E56AA3AE2963832F00EDD18B /* Preview Assets.xcassets */,
			);
			path = "Preview Content";
			sourceTree = "<group>";
		};
		E56AA3B52963835600EDD18B /* Views */ = {
			isa = PBXGroup;
			children = (
				E56AA3B62963836100EDD18B /* BasicContentView.swift */,
				E56AA3BD2963839E00EDD18B /* FocusStateContentView.swift */,
				E56AA3BB2963838B00EDD18B /* VariadicVStackContentView.swift */,
				E56AA3BF296383B100EDD18B /* FooterView.swift */,
			);
			path = Views;
			sourceTree = "<group>";
		};
		E5B170AC2966288000D976C1 /* Frameworks */ = {
			isa = PBXGroup;
			children = (
			);
			name = Frameworks;
			sourceTree = "<group>";
		};
/* End PBXGroup section */

/* Begin PBXNativeTarget section */
		E56AA3A32963832F00EDD18B /* SmartKeyboardScrollViewSample */ = {
			isa = PBXNativeTarget;
			buildConfigurationList = E56AA3B22963832F00EDD18B /* Build configuration list for PBXNativeTarget "SmartKeyboardScrollViewSample" */;
			buildPhases = (
				E56AA3A02963832F00EDD18B /* Sources */,
				E56AA3A12963832F00EDD18B /* Frameworks */,
				E56AA3A22963832F00EDD18B /* Resources */,
			);
			buildRules = (
			);
			dependencies = (
			);
			name = SmartKeyboardScrollViewSample;
			packageProductDependencies = (
				E5B170B029662D3800D976C1 /* SmartKeyboardScrollView */,
			);
			productName = SmartKeyboardScrollViewSample;
			productReference = E56AA3A42963832F00EDD18B /* SmartKeyboardScrollViewSample.app */;
			productType = "com.apple.product-type.application";
		};
/* End PBXNativeTarget section */

/* Begin PBXProject section */
		E56AA39C2963832E00EDD18B /* Project object */ = {
			isa = PBXProject;
			attributes = {
				BuildIndependentTargetsInParallel = 1;
				LastSwiftUpdateCheck = 1420;
				LastUpgradeCheck = 1420;
				TargetAttributes = {
					E56AA3A32963832F00EDD18B = {
						CreatedOnToolsVersion = 14.2;
					};
				};
			};
			buildConfigurationList = E56AA39F2963832E00EDD18B /* Build configuration list for PBXProject "SmartKeyboardScrollViewSample" */;
			compatibilityVersion = "Xcode 14.0";
			developmentRegion = en;
			hasScannedForEncodings = 0;
			knownRegions = (
				en,
				Base,
			);
			mainGroup = E56AA39B2963832E00EDD18B;
			packageReferences = (
				E5B170AF29662D3800D976C1 /* XCRemoteSwiftPackageReference "SmartKeyboardScrollView" */,
			);
			productRefGroup = E56AA3A52963832F00EDD18B /* Products */;
			projectDirPath = "";
			projectRoot = "";
			targets = (
				E56AA3A32963832F00EDD18B /* SmartKeyboardScrollViewSample */,
			);
		};
/* End PBXProject section */

/* Begin PBXResourcesBuildPhase section */
		E56AA3A22963832F00EDD18B /* Resources */ = {
			isa = PBXResourcesBuildPhase;
			buildActionMask = 2147483647;
			files = (
				E56AA3AF2963832F00EDD18B /* Preview Assets.xcassets in Resources */,
				E56AA3AC2963832F00EDD18B /* Assets.xcassets in Resources */,
			);
			runOnlyForDeploymentPostprocessing = 0;
		};
/* End PBXResourcesBuildPhase section */

/* Begin PBXSourcesBuildPhase section */
		E56AA3A02963832F00EDD18B /* Sources */ = {
			isa = PBXSourcesBuildPhase;
			buildActionMask = 2147483647;
			files = (
				E56AA3BE2963839E00EDD18B /* FocusStateContentView.swift in Sources */,
				E56AA3AA2963832F00EDD18B /* ContentView.swift in Sources */,
				E56AA3A82963832F00EDD18B /* SmartKeyboardScrollViewSampleApp.swift in Sources */,
				E56AA3C0296383B100EDD18B /* FooterView.swift in Sources */,
				E56AA3B72963836100EDD18B /* BasicContentView.swift in Sources */,
				E56AA3BC2963838B00EDD18B /* VariadicVStackContentView.swift in Sources */,
			);
			runOnlyForDeploymentPostprocessing = 0;
		};
/* End PBXSourcesBuildPhase section */

/* Begin XCBuildConfiguration section */
		E56AA3B02963832F00EDD18B /* Debug */ = {
			isa = XCBuildConfiguration;
			buildSettings = {
				ALWAYS_SEARCH_USER_PATHS = NO;
				CLANG_ANALYZER_NONNULL = YES;
				CLANG_ANALYZER_NUMBER_OBJECT_CONVERSION = YES_AGGRESSIVE;
				CLANG_CXX_LANGUAGE_STANDARD = "gnu++20";
				CLANG_ENABLE_MODULES = YES;
				CLANG_ENABLE_OBJC_ARC = YES;
				CLANG_ENABLE_OBJC_WEAK = YES;
				CLANG_WARN_BLOCK_CAPTURE_AUTORELEASING = YES;
				CLANG_WARN_BOOL_CONVERSION = YES;
				CLANG_WARN_COMMA = YES;
				CLANG_WARN_CONSTANT_CONVERSION = YES;
				CLANG_WARN_DEPRECATED_OBJC_IMPLEMENTATIONS = YES;
				CLANG_WARN_DIRECT_OBJC_ISA_USAGE = YES_ERROR;
				CLANG_WARN_DOCUMENTATION_COMMENTS = YES;
				CLANG_WARN_EMPTY_BODY = YES;
				CLANG_WARN_ENUM_CONVERSION = YES;
				CLANG_WARN_INFINITE_RECURSION = YES;
				CLANG_WARN_INT_CONVERSION = YES;
				CLANG_WARN_NON_LITERAL_NULL_CONVERSION = YES;
				CLANG_WARN_OBJC_IMPLICIT_RETAIN_SELF = YES;
				CLANG_WARN_OBJC_LITERAL_CONVERSION = YES;
				CLANG_WARN_OBJC_ROOT_CLASS = YES_ERROR;
				CLANG_WARN_QUOTED_INCLUDE_IN_FRAMEWORK_HEADER = YES;
				CLANG_WARN_RANGE_LOOP_ANALYSIS = YES;
				CLANG_WARN_STRICT_PROTOTYPES = YES;
				CLANG_WARN_SUSPICIOUS_MOVE = YES;
				CLANG_WARN_UNGUARDED_AVAILABILITY = YES_AGGRESSIVE;
				CLANG_WARN_UNREACHABLE_CODE = YES;
				CLANG_WARN__DUPLICATE_METHOD_MATCH = YES;
				COPY_PHASE_STRIP = NO;
				DEBUG_INFORMATION_FORMAT = dwarf;
				ENABLE_STRICT_OBJC_MSGSEND = YES;
				ENABLE_TESTABILITY = YES;
				GCC_C_LANGUAGE_STANDARD = gnu11;
				GCC_DYNAMIC_NO_PIC = NO;
				GCC_NO_COMMON_BLOCKS = YES;
				GCC_OPTIMIZATION_LEVEL = 0;
				GCC_PREPROCESSOR_DEFINITIONS = (
					"DEBUG=1",
					"$(inherited)",
				);
				GCC_WARN_64_TO_32_BIT_CONVERSION = YES;
				GCC_WARN_ABOUT_RETURN_TYPE = YES_ERROR;
				GCC_WARN_UNDECLARED_SELECTOR = YES;
				GCC_WARN_UNINITIALIZED_AUTOS = YES_AGGRESSIVE;
				GCC_WARN_UNUSED_FUNCTION = YES;
				GCC_WARN_UNUSED_VARIABLE = YES;
				IPHONEOS_DEPLOYMENT_TARGET = 16.2;
				MTL_ENABLE_DEBUG_INFO = INCLUDE_SOURCE;
				MTL_FAST_MATH = YES;
				ONLY_ACTIVE_ARCH = YES;
				SDKROOT = iphoneos;
				SWIFT_ACTIVE_COMPILATION_CONDITIONS = DEBUG;
				SWIFT_OPTIMIZATION_LEVEL = "-Onone";
			};
			name = Debug;
		};
		E56AA3B12963832F00EDD18B /* Release */ = {
			isa = XCBuildConfiguration;
			buildSettings = {
				ALWAYS_SEARCH_USER_PATHS = NO;
				CLANG_ANALYZER_NONNULL = YES;
				CLANG_ANALYZER_NUMBER_OBJECT_CONVERSION = YES_AGGRESSIVE;
				CLANG_CXX_LANGUAGE_STANDARD = "gnu++20";
				CLANG_ENABLE_MODULES = YES;
				CLANG_ENABLE_OBJC_ARC = YES;
				CLANG_ENABLE_OBJC_WEAK = YES;
				CLANG_WARN_BLOCK_CAPTURE_AUTORELEASING = YES;
				CLANG_WARN_BOOL_CONVERSION = YES;
				CLANG_WARN_COMMA = YES;
				CLANG_WARN_CONSTANT_CONVERSION = YES;
				CLANG_WARN_DEPRECATED_OBJC_IMPLEMENTATIONS = YES;
				CLANG_WARN_DIRECT_OBJC_ISA_USAGE = YES_ERROR;
				CLANG_WARN_DOCUMENTATION_COMMENTS = YES;
				CLANG_WARN_EMPTY_BODY = YES;
				CLANG_WARN_ENUM_CONVERSION = YES;
				CLANG_WARN_INFINITE_RECURSION = YES;
				CLANG_WARN_INT_CONVERSION = YES;
				CLANG_WARN_NON_LITERAL_NULL_CONVERSION = YES;
				CLANG_WARN_OBJC_IMPLICIT_RETAIN_SELF = YES;
				CLANG_WARN_OBJC_LITERAL_CONVERSION = YES;
				CLANG_WARN_OBJC_ROOT_CLASS = YES_ERROR;
				CLANG_WARN_QUOTED_INCLUDE_IN_FRAMEWORK_HEADER = YES;
				CLANG_WARN_RANGE_LOOP_ANALYSIS = YES;
				CLANG_WARN_STRICT_PROTOTYPES = YES;
				CLANG_WARN_SUSPICIOUS_MOVE = YES;
				CLANG_WARN_UNGUARDED_AVAILABILITY = YES_AGGRESSIVE;
				CLANG_WARN_UNREACHABLE_CODE = YES;
				CLANG_WARN__DUPLICATE_METHOD_MATCH = YES;
				COPY_PHASE_STRIP = NO;
				DEBUG_INFORMATION_FORMAT = "dwarf-with-dsym";
				ENABLE_NS_ASSERTIONS = NO;
				ENABLE_STRICT_OBJC_MSGSEND = YES;
				GCC_C_LANGUAGE_STANDARD = gnu11;
				GCC_NO_COMMON_BLOCKS = YES;
				GCC_WARN_64_TO_32_BIT_CONVERSION = YES;
				GCC_WARN_ABOUT_RETURN_TYPE = YES_ERROR;
				GCC_WARN_UNDECLARED_SELECTOR = YES;
				GCC_WARN_UNINITIALIZED_AUTOS = YES_AGGRESSIVE;
				GCC_WARN_UNUSED_FUNCTION = YES;
				GCC_WARN_UNUSED_VARIABLE = YES;
				IPHONEOS_DEPLOYMENT_TARGET = 16.2;
				MTL_ENABLE_DEBUG_INFO = NO;
				MTL_FAST_MATH = YES;
				SDKROOT = iphoneos;
				SWIFT_COMPILATION_MODE = wholemodule;
				SWIFT_OPTIMIZATION_LEVEL = "-O";
				VALIDATE_PRODUCT = YES;
			};
			name = Release;
		};
		E56AA3B32963832F00EDD18B /* Debug */ = {
			isa = XCBuildConfiguration;
			buildSettings = {
				ASSETCATALOG_COMPILER_APPICON_NAME = AppIcon;
				ASSETCATALOG_COMPILER_GLOBAL_ACCENT_COLOR_NAME = AccentColor;
				CODE_SIGN_STYLE = Automatic;
				CURRENT_PROJECT_VERSION = 1;
				DEVELOPMENT_ASSET_PATHS = "\"SmartKeyboardScrollViewSample/Preview Content\"";
				ENABLE_PREVIEWS = YES;
				GENERATE_INFOPLIST_FILE = YES;
				INFOPLIST_KEY_UIApplicationSceneManifest_Generation = YES;
				INFOPLIST_KEY_UIApplicationSupportsIndirectInputEvents = YES;
				INFOPLIST_KEY_UILaunchScreen_Generation = YES;
				INFOPLIST_KEY_UISupportedInterfaceOrientations_iPad = "UIInterfaceOrientationPortrait UIInterfaceOrientationPortraitUpsideDown UIInterfaceOrientationLandscapeLeft UIInterfaceOrientationLandscapeRight";
				INFOPLIST_KEY_UISupportedInterfaceOrientations_iPhone = "UIInterfaceOrientationPortrait UIInterfaceOrientationLandscapeLeft UIInterfaceOrientationLandscapeRight";
				LD_RUNPATH_SEARCH_PATHS = (
					"$(inherited)",
					"@executable_path/Frameworks",
				);
				MARKETING_VERSION = 1.0;
				PRODUCT_BUNDLE_IDENTIFIER = xxx.xxx.SmartKeyboardScrollViewSample;
				PRODUCT_NAME = "$(TARGET_NAME)";
				SWIFT_EMIT_LOC_STRINGS = YES;
				SWIFT_VERSION = 5.0;
				TARGETED_DEVICE_FAMILY = "1,2";
			};
			name = Debug;
		};
		E56AA3B42963832F00EDD18B /* Release */ = {
			isa = XCBuildConfiguration;
			buildSettings = {
				ASSETCATALOG_COMPILER_APPICON_NAME = AppIcon;
				ASSETCATALOG_COMPILER_GLOBAL_ACCENT_COLOR_NAME = AccentColor;
				CODE_SIGN_STYLE = Automatic;
				CURRENT_PROJECT_VERSION = 1;
				DEVELOPMENT_ASSET_PATHS = "\"SmartKeyboardScrollViewSample/Preview Content\"";
				ENABLE_PREVIEWS = YES;
				GENERATE_INFOPLIST_FILE = YES;
				INFOPLIST_KEY_UIApplicationSceneManifest_Generation = YES;
				INFOPLIST_KEY_UIApplicationSupportsIndirectInputEvents = YES;
				INFOPLIST_KEY_UILaunchScreen_Generation = YES;
				INFOPLIST_KEY_UISupportedInterfaceOrientations_iPad = "UIInterfaceOrientationPortrait UIInterfaceOrientationPortraitUpsideDown UIInterfaceOrientationLandscapeLeft UIInterfaceOrientationLandscapeRight";
				INFOPLIST_KEY_UISupportedInterfaceOrientations_iPhone = "UIInterfaceOrientationPortrait UIInterfaceOrientationLandscapeLeft UIInterfaceOrientationLandscapeRight";
				LD_RUNPATH_SEARCH_PATHS = (
					"$(inherited)",
					"@executable_path/Frameworks",
				);
				MARKETING_VERSION = 1.0;
				PRODUCT_BUNDLE_IDENTIFIER = xxx.xxx.SmartKeyboardScrollViewSample;
				PRODUCT_NAME = "$(TARGET_NAME)";
				SWIFT_EMIT_LOC_STRINGS = YES;
				SWIFT_VERSION = 5.0;
				TARGETED_DEVICE_FAMILY = "1,2";
			};
			name = Release;
		};
/* End XCBuildConfiguration section */

/* Begin XCConfigurationList section */
		E56AA39F2963832E00EDD18B /* Build configuration list for PBXProject "SmartKeyboardScrollViewSample" */ = {
			isa = XCConfigurationList;
			buildConfigurations = (
				E56AA3B02963832F00EDD18B /* Debug */,
				E56AA3B12963832F00EDD18B /* Release */,
			);
			defaultConfigurationIsVisible = 0;
			defaultConfigurationName = Release;
		};
		E56AA3B22963832F00EDD18B /* Build configuration list for PBXNativeTarget "SmartKeyboardScrollViewSample" */ = {
			isa = XCConfigurationList;
			buildConfigurations = (
				E56AA3B32963832F00EDD18B /* Debug */,
				E56AA3B42963832F00EDD18B /* Release */,
			);
			defaultConfigurationIsVisible = 0;
			defaultConfigurationName = Release;
		};
/* End XCConfigurationList section */

/* Begin XCRemoteSwiftPackageReference section */
		E5B170AF29662D3800D976C1 /* XCRemoteSwiftPackageReference "SmartKeyboardScrollView" */ = {
			isa = XCRemoteSwiftPackageReference;
			repositoryURL = "https://github.com/Ferchmin/SmartKeyboardScrollView";
			requirement = {
				branch = main;
				kind = branch;
			};
		};
/* End XCRemoteSwiftPackageReference section */

/* Begin XCSwiftPackageProductDependency section */
		E5B170B029662D3800D976C1 /* SmartKeyboardScrollView */ = {
			isa = XCSwiftPackageProductDependency;
			package = E5B170AF29662D3800D976C1 /* XCRemoteSwiftPackageReference "SmartKeyboardScrollView" */;
			productName = SmartKeyboardScrollView;
		};
/* End XCSwiftPackageProductDependency section */
	};
	rootObject = E56AA39C2963832E00EDD18B /* Project object */;
}
